
Microsoft Visual Studio Solution File, Format Version 12.00
# Visual Studio 15
VisualStudioVersion = 15.0.26430.14
MinimumVisualStudioVersion = 10.0.40219.1
Project("{FAE04EC0-301F-11D3-BF4B-00C04F79EFBC}") = "StringRefEqSampleApp", "StringRefEqSampleApp\StringRefEqSampleApp.csproj", "{D9976B34-3EEE-4F6C-A41A-5A3FC9C2CA73}"
EndProject
Global
	GlobalSection(SolutionConfigurationPlatforms) = preSolution
		Debug|Any CPU = Debug|Any CPU
		Release|Any CPU = Release|Any CPU
	EndGlobalSection
	GlobalSection(ProjectConfigurationPlatforms) = postSolution
		{D9976B34-3EEE-4F6C-A41A-5A3FC9C2CA73}.Debug|Any CPU.ActiveCfg = Debug|Any CPU
		{D9976B34-3EEE-4F6C-A41A-5A3FC9C2CA73}.Debug|Any CPU.Build.0 = Debug|Any CPU
		{D9976B34-3EEE-4F6C-A41A-5A3FC9C2CA73}.Release|Any CPU.ActiveCfg = Release|Any CPU
		{D9976B34-3EEE-4F6C-A41A-5A3FC9C2CA73}.Release|Any CPU.Build.0 = Release|Any CPU
	EndGlobalSection
	GlobalSection(SolutionProperties) = preSolution
		HideSolutionNode = FALSE
	EndGlobalSection
EndGlobal
