
Microsoft Visual Studio Solution File, Format Version 12.00
# Visual Studio 2012
Project("{FAE04EC0-301F-11D3-BF4B-00C04F79EFBC}") = "MvcApplication7", "MvcApplication7\MvcApplication7.csproj", "{44A14139-3F9F-4B07-9F1A-8B685B53E359}"
EndProject
Global
	GlobalSection(SolutionConfigurationPlatforms) = preSolution
		Debug|Any CPU = Debug|Any CPU
		Release|Any CPU = Release|Any CPU
	EndGlobalSection
	GlobalSection(ProjectConfigurationPlatforms) = postSolution
		{44A14139-3F9F-4B07-9F1A-8B685B53E359}.Debug|Any CPU.ActiveCfg = Debug|Any CPU
		{44A14139-3F9F-4B07-9F1A-8B685B53E359}.Debug|Any CPU.Build.0 = Debug|Any CPU
		{44A14139-3F9F-4B07-9F1A-8B685B53E359}.Release|Any CPU.ActiveCfg = Release|Any CPU
		{44A14139-3F9F-4B07-9F1A-8B685B53E359}.Release|Any CPU.Build.0 = Release|Any CPU
	EndGlobalSection
	GlobalSection(SolutionProperties) = preSolution
		HideSolutionNode = FALSE
	EndGlobalSection
EndGlobal
